
Microsoft Visual Studio Solution File, Format Version 12.00
# Visual Studio Version 18
VisualStudioVersion = 18.0.11012.119
MinimumVisualStudioVersion = 10.0.40219.1
Project("{FAE04EC0-301F-11D3-BF4B-00C04F79EFBC}") = "WonderDevTracker", "WonderDevTracker\WonderDevTracker.csproj", "{DB78D58F-6030-4920-99B0-59EDC7A07DCA}"
EndProject
Project("{FAE04EC0-301F-11D3-BF4B-00C04F79EFBC}") = "WonderDevTracker.Client", "WonderDevTracker.Client\WonderDevTracker.Client.csproj", "{906B9B79-19FF-43D8-AD3A-73CE80E77063}"
EndProject
Global
	GlobalSection(SolutionConfigurationPlatforms) = preSolution
		Debug|Any CPU = Debug|Any CPU
		Release|Any CPU = Release|Any CPU
	EndGlobalSection
	GlobalSection(ProjectConfigurationPlatforms) = postSolution
		{DB78D58F-6030-4920-99B0-59EDC7A07DCA}.Debug|Any CPU.ActiveCfg = Debug|Any CPU
		{DB78D58F-6030-4920-99B0-59EDC7A07DCA}.Debug|Any CPU.Build.0 = Debug|Any CPU
		{DB78D58F-6030-4920-99B0-59EDC7A07DCA}.Release|Any CPU.ActiveCfg = Release|Any CPU
		{DB78D58F-6030-4920-99B0-59EDC7A07DCA}.Release|Any CPU.Build.0 = Release|Any CPU
		{906B9B79-19FF-43D8-AD3A-73CE80E77063}.Debug|Any CPU.ActiveCfg = Debug|Any CPU
		{906B9B79-19FF-43D8-AD3A-73CE80E77063}.Debug|Any CPU.Build.0 = Debug|Any CPU
		{906B9B79-19FF-43D8-AD3A-73CE80E77063}.Release|Any CPU.ActiveCfg = Release|Any CPU
		{906B9B79-19FF-43D8-AD3A-73CE80E77063}.Release|Any CPU.Build.0 = Release|Any CPU
	EndGlobalSection
	GlobalSection(SolutionProperties) = preSolution
		HideSolutionNode = FALSE
	EndGlobalSection
	GlobalSection(ExtensibilityGlobals) = postSolution
		SolutionGuid = {12E00A62-B9DA-4B76-99A3-F926864BBC35}
	EndGlobalSection
EndGlobal
